
Microsoft Visual Studio Solution File, Format Version 12.00
# Visual Studio Version 17
VisualStudioVersion = 17.6.33712.159
MinimumVisualStudioVersion = 10.0.40219.1
Project("{FAE04EC0-301F-11D3-BF4B-00C04F79EFBC}") = "CLASS", "CLASS.csproj", "{8388A436-DE37-42CC-87D1-8FBE0BE4492C}"
EndProject
Project("{FAE04EC0-301F-11D3-BF4B-00C04F79EFBC}") = "ClassLibrary1", "..\ClassLibrary1\ClassLibrary1.csproj", "{A936D503-88A7-4339-B093-745463E30257}"
EndProject
Project("{FAE04EC0-301F-11D3-BF4B-00C04F79EFBC}") = "UnitTestProject1", "..\UnitTestProject1\UnitTestProject1.csproj", "{08B6A789-264D-478E-8B70-031202047BB7}"
EndProject
Global
	GlobalSection(SolutionConfigurationPlatforms) = preSolution
		Debug|Any CPU = Debug|Any CPU
		Release|Any CPU = Release|Any CPU
	EndGlobalSection
	GlobalSection(ProjectConfigurationPlatforms) = postSolution
		{8388A436-DE37-42CC-87D1-8FBE0BE4492C}.Debug|Any CPU.ActiveCfg = Debug|Any CPU
		{8388A436-DE37-42CC-87D1-8FBE0BE4492C}.Debug|Any CPU.Build.0 = Debug|Any CPU
		{8388A436-DE37-42CC-87D1-8FBE0BE4492C}.Release|Any CPU.ActiveCfg = Release|Any CPU
		{8388A436-DE37-42CC-87D1-8FBE0BE4492C}.Release|Any CPU.Build.0 = Release|Any CPU
		{A936D503-88A7-4339-B093-745463E30257}.Debug|Any CPU.ActiveCfg = Debug|Any CPU
		{A936D503-88A7-4339-B093-745463E30257}.Debug|Any CPU.Build.0 = Debug|Any CPU
		{A936D503-88A7-4339-B093-745463E30257}.Release|Any CPU.ActiveCfg = Release|Any CPU
		{A936D503-88A7-4339-B093-745463E30257}.Release|Any CPU.Build.0 = Release|Any CPU
		{08B6A789-264D-478E-8B70-031202047BB7}.Debug|Any CPU.ActiveCfg = Debug|Any CPU
		{08B6A789-264D-478E-8B70-031202047BB7}.Debug|Any CPU.Build.0 = Debug|Any CPU
		{08B6A789-264D-478E-8B70-031202047BB7}.Release|Any CPU.ActiveCfg = Release|Any CPU
		{08B6A789-264D-478E-8B70-031202047BB7}.Release|Any CPU.Build.0 = Release|Any CPU
	EndGlobalSection
	GlobalSection(SolutionProperties) = preSolution
		HideSolutionNode = FALSE
	EndGlobalSection
	GlobalSection(ExtensibilityGlobals) = postSolution
		SolutionGuid = {DCCED920-E685-4644-90B5-7851998BE045}
	EndGlobalSection
EndGlobal
